
Microsoft Visual Studio Solution File, Format Version 12.00
# Visual Studio Version 16
VisualStudioVersion = 16.0.30011.22
MinimumVisualStudioVersion = 10.0.40219.1
Project("{8BC9CEB8-8B4A-11D0-8D11-00A0C91BC942}") = "Andrey", "Andrey\Andrey.vcxproj", "{3B71FF31-CA77-4A5F-B2BC-F0942D2E9572}"
EndProject
Global
	GlobalSection(SolutionConfigurationPlatforms) = preSolution
		Debug|x64 = Debug|x64
		Debug|x86 = Debug|x86
		Release|x64 = Release|x64
		Release|x86 = Release|x86
	EndGlobalSection
	GlobalSection(ProjectConfigurationPlatforms) = postSolution
		{3B71FF31-CA77-4A5F-B2BC-F0942D2E9572}.Debug|x64.ActiveCfg = Debug|x64
		{3B71FF31-CA77-4A5F-B2BC-F0942D2E9572}.Debug|x64.Build.0 = Debug|x64
		{3B71FF31-CA77-4A5F-B2BC-F0942D2E9572}.Debug|x86.ActiveCfg = Debug|Win32
		{3B71FF31-CA77-4A5F-B2BC-F0942D2E9572}.Debug|x86.Build.0 = Debug|Win32
		{3B71FF31-CA77-4A5F-B2BC-F0942D2E9572}.Release|x64.ActiveCfg = Release|x64
		{3B71FF31-CA77-4A5F-B2BC-F0942D2E9572}.Release|x64.Build.0 = Release|x64
		{3B71FF31-CA77-4A5F-B2BC-F0942D2E9572}.Release|x86.ActiveCfg = Release|Win32
		{3B71FF31-CA77-4A5F-B2BC-F0942D2E9572}.Release|x86.Build.0 = Release|Win32
	EndGlobalSection
	GlobalSection(SolutionProperties) = preSolution
		HideSolutionNode = FALSE
	EndGlobalSection
	GlobalSection(ExtensibilityGlobals) = postSolution
		SolutionGuid = {2840BFB4-16FB-455F-90A8-55C23F53A15A}
	EndGlobalSection
EndGlobal
